// !$*UTF8*$!
{
	archiveVersion = 1;
	classes = {
	};
	objectVersion = 46;
	objects = {

/* Begin PBXBuildFile section */
		323732A51C446A5400EA61EC /* EnterNameViewController.m in Sources */ = {isa = PBXBuildFile; fileRef = 323732A41C446A5400EA61EC /* EnterNameViewController.m */; };
		323732A81C446B5500EA61EC /* EnterAdjectiveViewController.m in Sources */ = {isa = PBXBuildFile; fileRef = 323732A71C446B5500EA61EC /* EnterAdjectiveViewController.m */; };
		323732AB1C446BF300EA61EC /* ResultsViewController.m in Sources */ = {isa = PBXBuildFile; fileRef = 323732AA1C446BF300EA61EC /* ResultsViewController.m */; };
		32F546241C44647400A75793 /* main.m in Sources */ = {isa = PBXBuildFile; fileRef = 32F546231C44647400A75793 /* main.m */; };
		32F546271C44647400A75793 /* AppDelegate.m in Sources */ = {isa = PBXBuildFile; fileRef = 32F546261C44647400A75793 /* AppDelegate.m */; };
		32F5462A1C44647400A75793 /* ViewController.m in Sources */ = {isa = PBXBuildFile; fileRef = 32F546291C44647400A75793 /* ViewController.m */; };
		32F5462D1C44647400A75793 /* Main.storyboard in Resources */ = {isa = PBXBuildFile; fileRef = 32F5462B1C44647400A75793 /* Main.storyboard */; };
		32F5462F1C44647400A75793 /* Images.xcassets in Resources */ = {isa = PBXBuildFile; fileRef = 32F5462E1C44647400A75793 /* Images.xcassets */; };
		32F546321C44647400A75793 /* LaunchScreen.xib in Resources */ = {isa = PBXBuildFile; fileRef = 32F546301C44647400A75793 /* LaunchScreen.xib */; };
		32F5463E1C44647400A75793 /* WordPlayTests.m in Sources */ = {isa = PBXBuildFile; fileRef = 32F5463D1C44647400A75793 /* WordPlayTests.m */; };
/* End PBXBuildFile section */

/* Begin PBXContainerItemProxy section */
		32F546381C44647400A75793 /* PBXContainerItemProxy */ = {
			isa = PBXContainerItemProxy;
			containerPortal = 32F546161C44647400A75793 /* Project object */;
			proxyType = 1;
			remoteGlobalIDString = 32F5461D1C44647400A75793;
			remoteInfo = WordPlay;
		};
/* End PBXContainerItemProxy section */

/* Begin PBXFileReference section */
		323732A31C446A5400EA61EC /* EnterNameViewController.h */ = {isa = PBXFileReference; fileEncoding = 4; lastKnownFileType = sourcecode.c.h; path = EnterNameViewController.h; sourceTree = "<group>"; };
		323732A41C446A5400EA61EC /* EnterNameViewController.m */ = {isa = PBXFileReference; fileEncoding = 4; lastKnownFileType = sourcecode.c.objc; path = EnterNameViewController.m; sourceTree = "<group>"; };
		323732A61C446B5500EA61EC /* EnterAdjectiveViewController.h */ = {isa = PBXFileReference; fileEncoding = 4; lastKnownFileType = sourcecode.c.h; path = EnterAdjectiveViewController.h; sourceTree = "<group>"; };
		323732A71C446B5500EA61EC /* EnterAdjectiveViewController.m */ = {isa = PBXFileReference; fileEncoding = 4; lastKnownFileType = sourcecode.c.objc; path = EnterAdjectiveViewController.m; sourceTree = "<group>"; };
		323732A91C446BF300EA61EC /* ResultsViewController.h */ = {isa = PBXFileReference; fileEncoding = 4; lastKnownFileType = sourcecode.c.h; path = ResultsViewController.h; sourceTree = "<group>"; };
		323732AA1C446BF300EA61EC /* ResultsViewController.m */ = {isa = PBXFileReference; fileEncoding = 4; lastKnownFileType = sourcecode.c.objc; path = ResultsViewController.m; sourceTree = "<group>"; };
		32F5461E1C44647400A75793 /* WordPlay.app */ = {isa = PBXFileReference; explicitFileType = wrapper.application; includeInIndex = 0; path = WordPlay.app; sourceTree = BUILT_PRODUCTS_DIR; };
		32F546221C44647400A75793 /* Info.plist */ = {isa = PBXFileReference; lastKnownFileType = text.plist.xml; path = Info.plist; sourceTree = "<group>"; };
		32F546231C44647400A75793 /* main.m */ = {isa = PBXFileReference; lastKnownFileType = sourcecode.c.objc; path = main.m; sourceTree = "<group>"; };
		32F546251C44647400A75793 /* AppDelegate.h */ = {isa = PBXFileReference; lastKnownFileType = sourcecode.c.h; path = AppDelegate.h; sourceTree = "<group>"; };
		32F546261C44647400A75793 /* AppDelegate.m */ = {isa = PBXFileReference; lastKnownFileType = sourcecode.c.objc; path = AppDelegate.m; sourceTree = "<group>"; };
		32F546281C44647400A75793 /* ViewController.h */ = {isa = PBXFileReference; lastKnownFileType = sourcecode.c.h; path = ViewController.h; sourceTree = "<group>"; };
		32F546291C44647400A75793 /* ViewController.m */ = {isa = PBXFileReference; lastKnownFileType = sourcecode.c.objc; path = ViewController.m; sourceTree = "<group>"; };
		32F5462C1C44647400A75793 /* Base */ = {isa = PBXFileReference; lastKnownFileType = file.storyboard; name = Base; path = Base.lproj/Main.storyboard; sourceTree = "<group>"; };
		32F5462E1C44647400A75793 /* Images.xcassets */ = {isa = PBXFileReference; lastKnownFileType = folder.assetcatalog; path = Images.xcassets; sourceTree = "<group>"; };
		32F546311C44647400A75793 /* Base */ = {isa = PBXFileReference; lastKnownFileType = file.xib; name = Base; path = Base.lproj/LaunchScreen.xib; sourceTree = "<group>"; };
		32F546371C44647400A75793 /* WordPlayTests.xctest */ = {isa = PBXFileReference; explicitFileType = wrapper.cfbundle; includeInIndex = 0; path = WordPlayTests.xctest; sourceTree = BUILT_PRODUCTS_DIR; };
		32F5463C1C44647400A75793 /* Info.plist */ = {isa = PBXFileReference; lastKnownFileType = text.plist.xml; path = Info.plist; sourceTree = "<group>"; };
		32F5463D1C44647400A75793 /* WordPlayTests.m */ = {isa = PBXFileReference; lastKnownFileType = sourcecode.c.objc; path = WordPlayTests.m; sourceTree = "<group>"; };
/* End PBXFileReference section */

/* Begin PBXFrameworksBuildPhase section */
		32F5461B1C44647400A75793 /* Frameworks */ = {
			isa = PBXFrameworksBuildPhase;
			buildActionMask = 2147483647;
			files = (
			);
			runOnlyForDeploymentPostprocessing = 0;
		};
		32F546341C44647400A75793 /* Frameworks */ = {
			isa = PBXFrameworksBuildPhase;
			buildActionMask = 2147483647;
			files = (
			);
			runOnlyForDeploymentPostprocessing = 0;
		};
/* End PBXFrameworksBuildPhase section */

/* Begin PBXGroup section */
		32F546151C44647400A75793 = {
			isa = PBXGroup;
			children = (
				32F546201C44647400A75793 /* WordPlay */,
				32F5463A1C44647400A75793 /* WordPlayTests */,
				32F5461F1C44647400A75793 /* Products */,
			);
			sourceTree = "<group>";
		};
		32F5461F1C44647400A75793 /* Products */ = {
			isa = PBXGroup;
			children = (
				32F5461E1C44647400A75793 /* WordPlay.app */,
				32F546371C44647400A75793 /* WordPlayTests.xctest */,
			);
			name = Products;
			sourceTree = "<group>";
		};
		32F546201C44647400A75793 /* WordPlay */ = {
			isa = PBXGroup;
			children = (
				323732A91C446BF300EA61EC /* ResultsViewController.h */,
				323732AA1C446BF300EA61EC /* ResultsViewController.m */,
				323732A61C446B5500EA61EC /* EnterAdjectiveViewController.h */,
				323732A71C446B5500EA61EC /* EnterAdjectiveViewController.m */,
				323732A31C446A5400EA61EC /* EnterNameViewController.h */,
				323732A41C446A5400EA61EC /* EnterNameViewController.m */,
				32F546251C44647400A75793 /* AppDelegate.h */,
				32F546261C44647400A75793 /* AppDelegate.m */,
				32F546281C44647400A75793 /* ViewController.h */,
				32F546291C44647400A75793 /* ViewController.m */,
				32F5462B1C44647400A75793 /* Main.storyboard */,
				32F5462E1C44647400A75793 /* Images.xcassets */,
				32F546301C44647400A75793 /* LaunchScreen.xib */,
				32F546211C44647400A75793 /* Supporting Files */,
			);
			path = WordPlay;
			sourceTree = "<group>";
		};
		32F546211C44647400A75793 /* Supporting Files */ = {
			isa = PBXGroup;
			children = (
				32F546221C44647400A75793 /* Info.plist */,
				32F546231C44647400A75793 /* main.m */,
			);
			name = "Supporting Files";
			sourceTree = "<group>";
		};
		32F5463A1C44647400A75793 /* WordPlayTests */ = {
			isa = PBXGroup;
			children = (
				32F5463D1C44647400A75793 /* WordPlayTests.m */,
				32F5463B1C44647400A75793 /* Supporting Files */,
			);
			path = WordPlayTests;
			sourceTree = "<group>";
		};
		32F5463B1C44647400A75793 /* Supporting Files */ = {
			isa = PBXGroup;
			children = (
				32F5463C1C44647400A75793 /* Info.plist */,
			);
			name = "Supporting Files";
			sourceTree = "<group>";
		};
/* End PBXGroup section */

/* Begin PBXNativeTarget section */
		32F5461D1C44647400A75793 /* WordPlay */ = {
			isa = PBXNativeTarget;
			buildConfigurationList = 32F546411C44647400A75793 /* Build configuration list for PBXNativeTarget "WordPlay" */;
			buildPhases = (
				32F5461A1C44647400A75793 /* Sources */,
				32F5461B1C44647400A75793 /* Frameworks */,
				32F5461C1C44647400A75793 /* Resources */,
			);
			buildRules = (
			);
			dependencies = (
			);
			name = WordPlay;
			productName = WordPlay;
			productReference = 32F5461E1C44647400A75793 /* WordPlay.app */;
			productType = "com.apple.product-type.application";
		};
		32F546361C44647400A75793 /* WordPlayTests */ = {
			isa = PBXNativeTarget;
			buildConfigurationList = 32F546441C44647400A75793 /* Build configuration list for PBXNativeTarget "WordPlayTests" */;
			buildPhases = (
				32F546331C44647400A75793 /* Sources */,
				32F546341C44647400A75793 /* Frameworks */,
				32F546351C44647400A75793 /* Resources */,
			);
			buildRules = (
			);
			dependencies = (
				32F546391C44647400A75793 /* PBXTargetDependency */,
			);
			name = WordPlayTests;
			productName = WordPlayTests;
			productReference = 32F546371C44647400A75793 /* WordPlayTests.xctest */;
			productType = "com.apple.product-type.bundle.unit-test";
		};
/* End PBXNativeTarget section */

/* Begin PBXProject section */
		32F546161C44647400A75793 /* Project object */ = {
			isa = PBXProject;
			attributes = {
				LastUpgradeCheck = 0630;
				ORGANIZATIONNAME = "Rafael Auriemo";
				TargetAttributes = {
					32F5461D1C44647400A75793 = {
						CreatedOnToolsVersion = 6.3.1;
					};
					32F546361C44647400A75793 = {
						CreatedOnToolsVersion = 6.3.1;
						TestTargetID = 32F5461D1C44647400A75793;
					};
				};
			};
			buildConfigurationList = 32F546191C44647400A75793 /* Build configuration list for PBXProject "WordPlay" */;
			compatibilityVersion = "Xcode 3.2";
			developmentRegion = English;
			hasScannedForEncodings = 0;
			knownRegions = (
				en,
				Base,
			);
			mainGroup = 32F546151C44647400A75793;
			productRefGroup = 32F5461F1C44647400A75793 /* Products */;
			projectDirPath = "";
			projectRoot = "";
			targets = (
				32F5461D1C44647400A75793 /* WordPlay */,
				32F546361C44647400A75793 /* WordPlayTests */,
			);
		};
/* End PBXProject section */

/* Begin PBXResourcesBuildPhase section */
		32F5461C1C44647400A75793 /* Resources */ = {
			isa = PBXResourcesBuildPhase;
			buildActionMask = 2147483647;
			files = (
				32F5462D1C44647400A75793 /* Main.storyboard in Resources */,
				32F546321C44647400A75793 /* LaunchScreen.xib in Resources */,
				32F5462F1C44647400A75793 /* Images.xcassets in Resources */,
			);
			runOnlyForDeploymentPostprocessing = 0;
		};
		32F546351C44647400A75793 /* Resources */ = {
			isa = PBXResourcesBuildPhase;
			buildActionMask = 2147483647;
			files = (
			);
			runOnlyForDeploymentPostprocessing = 0;
		};
/* End PBXResourcesBuildPhase section */

/* Begin PBXSourcesBuildPhase section */
		32F5461A1C44647400A75793 /* Sources */ = {
			isa = PBXSourcesBuildPhase;
			buildActionMask = 2147483647;
			files = (
				32F5462A1C44647400A75793 /* ViewController.m in Sources */,
				32F546271C44647400A75793 /* AppDelegate.m in Sources */,
				323732A81C446B5500EA61EC /* EnterAdjectiveViewController.m in Sources */,
				323732AB1C446BF300EA61EC /* ResultsViewController.m in Sources */,
				323732A51C446A5400EA61EC /* EnterNameViewController.m in Sources */,
				32F546241C44647400A75793 /* main.m in Sources */,
			);
			runOnlyForDeploymentPostprocessing = 0;
		};
		32F546331C44647400A75793 /* Sources */ = {
			isa = PBXSourcesBuildPhase;
			buildActionMask = 2147483647;
			files = (
				32F5463E1C44647400A75793 /* WordPlayTests.m in Sources */,
			);
			runOnlyForDeploymentPostprocessing = 0;
		};
/* End PBXSourcesBuildPhase section */

/* Begin PBXTargetDependency section */
		32F546391C44647400A75793 /* PBXTargetDependency */ = {
			isa = PBXTargetDependency;
			target = 32F5461D1C44647400A75793 /* WordPlay */;
			targetProxy = 32F546381C44647400A75793 /* PBXContainerItemProxy */;
		};
/* End PBXTargetDependency section */

/* Begin PBXVariantGroup section */
		32F5462B1C44647400A75793 /* Main.storyboard */ = {
			isa = PBXVariantGroup;
			children = (
				32F5462C1C44647400A75793 /* Base */,
			);
			name = Main.storyboard;
			sourceTree = "<group>";
		};
		32F546301C44647400A75793 /* LaunchScreen.xib */ = {
			isa = PBXVariantGroup;
			children = (
				32F546311C44647400A75793 /* Base */,
			);
			name = LaunchScreen.xib;
			sourceTree = "<group>";
		};
/* End PBXVariantGroup section */

/* Begin XCBuildConfiguration section */
		32F5463F1C44647400A75793 /* Debug */ = {
			isa = XCBuildConfiguration;
			buildSettings = {
				ALWAYS_SEARCH_USER_PATHS = NO;
				CLANG_CXX_LANGUAGE_STANDARD = "gnu++0x";
				CLANG_CXX_LIBRARY = "libc++";
				CLANG_ENABLE_MODULES = YES;
				CLANG_ENABLE_OBJC_ARC = YES;
				CLANG_WARN_BOOL_CONVERSION = YES;
				CLANG_WARN_CONSTANT_CONVERSION = YES;
				CLANG_WARN_DIRECT_OBJC_ISA_USAGE = YES_ERROR;
				CLANG_WARN_EMPTY_BODY = YES;
				CLANG_WARN_ENUM_CONVERSION = YES;
				CLANG_WARN_INT_CONVERSION = YES;
				CLANG_WARN_OBJC_ROOT_CLASS = YES_ERROR;
				CLANG_WARN_UNREACHABLE_CODE = YES;
				CLANG_WARN__DUPLICATE_METHOD_MATCH = YES;
				"CODE_SIGN_IDENTITY[sdk=iphoneos*]" = "iPhone Developer";
				COPY_PHASE_STRIP = NO;
				DEBUG_INFORMATION_FORMAT = "dwarf-with-dsym";
				ENABLE_STRICT_OBJC_MSGSEND = YES;
				GCC_C_LANGUAGE_STANDARD = gnu99;
				GCC_DYNAMIC_NO_PIC = NO;
				GCC_NO_COMMON_BLOCKS = YES;
				GCC_OPTIMIZATION_LEVEL = 0;
				GCC_PREPROCESSOR_DEFINITIONS = (
					"DEBUG=1",
					"$(inherited)",
				);
				GCC_SYMBOLS_PRIVATE_EXTERN = NO;
				GCC_WARN_64_TO_32_BIT_CONVERSION = YES;
				GCC_WARN_ABOUT_RETURN_TYPE = YES_ERROR;
				GCC_WARN_UNDECLARED_SELECTOR = YES;
				GCC_WARN_UNINITIALIZED_AUTOS = YES_AGGRESSIVE;
				GCC_WARN_UNUSED_FUNCTION = YES;
				GCC_WARN_UNUSED_VARIABLE = YES;
				IPHONEOS_DEPLOYMENT_TARGET = 8.3;
				MTL_ENABLE_DEBUG_INFO = YES;
				ONLY_ACTIVE_ARCH = YES;
				SDKROOT = iphoneos;
			};
			name = Debug;
		};
		32F546401C44647400A75793 /* Release */ = {
			isa = XCBuildConfiguration;
			buildSettings = {
				ALWAYS_SEARCH_USER_PATHS = NO;
				CLANG_CXX_LANGUAGE_STANDARD = "gnu++0x";
				CLANG_CXX_LIBRARY = "libc++";
				CLANG_ENABLE_MODULES = YES;
				CLANG_ENABLE_OBJC_ARC = YES;
				CLANG_WARN_BOOL_CONVERSION = YES;
				CLANG_WARN_CONSTANT_CONVERSION = YES;
				CLANG_WARN_DIRECT_OBJC_ISA_USAGE = YES_ERROR;
				CLANG_WARN_EMPTY_BODY = YES;
				CLANG_WARN_ENUM_CONVERSION = YES;
				CLANG_WARN_INT_CONVERSION = YES;
				CLANG_WARN_OBJC_ROOT_CLASS = YES_ERROR;
				CLANG_WARN_UNREACHABLE_CODE = YES;
				CLANG_WARN__DUPLICATE_METHOD_MATCH = YES;
				"CODE_SIGN_IDENTITY[sdk=iphoneos*]" = "iPhone Developer";
				COPY_PHASE_STRIP = NO;
				DEBUG_INFORMATION_FORMAT = "dwarf-with-dsym";
				ENABLE_NS_ASSERTIONS = NO;
				ENABLE_STRICT_OBJC_MSGSEND = YES;
				GCC_C_LANGUAGE_STANDARD = gnu99;
				GCC_NO_COMMON_BLOCKS = YES;
				GCC_WARN_64_TO_32_BIT_CONVERSION = YES;
				GCC_WARN_ABOUT_RETURN_TYPE = YES_ERROR;
				GCC_WARN_UNDECLARED_SELECTOR = YES;
				GCC_WARN_UNINITIALIZED_AUTOS = YES_AGGRESSIVE;
				GCC_WARN_UNUSED_FUNCTION = YES;
				GCC_WARN_UNUSED_VARIABLE = YES;
				IPHONEOS_DEPLOYMENT_TARGET = 8.3;
				MTL_ENABLE_DEBUG_INFO = NO;
				SDKROOT = iphoneos;
				VALIDATE_PRODUCT = YES;
			};
			name = Release;
		};
		32F546421C44647400A75793 /* Debug */ = {
			isa = XCBuildConfiguration;
			buildSettings = {
				ASSETCATALOG_COMPILER_APPICON_NAME = AppIcon;
				INFOPLIST_FILE = WordPlay/Info.plist;
				LD_RUNPATH_SEARCH_PATHS = "$(inherited) @executable_path/Frameworks";
				PRODUCT_NAME = "$(TARGET_NAME)";
			};
			name = Debug;
		};
		32F546431C44647400A75793 /* Release */ = {
			isa = XCBuildConfiguration;
			buildSettings = {
				ASSETCATALOG_COMPILER_APPICON_NAME = AppIcon;
				INFOPLIST_FILE = WordPlay/Info.plist;
				LD_RUNPATH_SEARCH_PATHS = "$(inherited) @executable_path/Frameworks";
				PRODUCT_NAME = "$(TARGET_NAME)";
			};
			name = Release;
		};
		32F546451C44647400A75793 /* Debug */ = {
			isa = XCBuildConfiguration;
			buildSettings = {
				BUNDLE_LOADER = "$(TEST_HOST)";
				FRAMEWORK_SEARCH_PATHS = (
					"$(SDKROOT)/Developer/Library/Frameworks",
					"$(inherited)",
				);
				GCC_PREPROCESSOR_DEFINITIONS = (
					"DEBUG=1",
					"$(inherited)",
				);
				INFOPLIST_FILE = WordPlayTests/Info.plist;
				LD_RUNPATH_SEARCH_PATHS = "$(inherited) @executable_path/Frameworks @loader_path/Frameworks";
				PRODUCT_NAME = "$(TARGET_NAME)";
				TEST_HOST = "$(BUILT_PRODUCTS_DIR)/WordPlay.app/WordPlay";
			};
			name = Debug;
		};
		32F546461C44647400A75793 /* Release */ = {
			isa = XCBuildConfiguration;
			buildSettings = {
				BUNDLE_LOADER = "$(TEST_HOST)";
				FRAMEWORK_SEARCH_PATHS = (
					"$(SDKROOT)/Developer/Library/Frameworks",
					"$(inherited)",
				);
				INFOPLIST_FILE = WordPlayTests/Info.plist;
				LD_RUNPATH_SEARCH_PATHS = "$(inherited) @executable_path/Frameworks @loader_path/Frameworks";
				PRODUCT_NAME = "$(TARGET_NAME)";
				TEST_HOST = "$(BUILT_PRODUCTS_DIR)/WordPlay.app/WordPlay";
			};
			name = Release;
		};
/* End XCBuildConfiguration section */

/* Begin XCConfigurationList section */
		32F546191C44647400A75793 /* Build configuration list for PBXProject "WordPlay" */ = {
			isa = XCConfigurationList;
			buildConfigurations = (
				32F5463F1C44647400A75793 /* Debug */,
				32F546401C44647400A75793 /* Release */,
			);
			defaultConfigurationIsVisible = 0;
			defaultConfigurationName = Release;
		};
		32F546411C44647400A75793 /* Build configuration list for PBXNativeTarget "WordPlay" */ = {
			isa = XCConfigurationList;
			buildConfigurations = (
				32F546421C44647400A75793 /* Debug */,
				32F546431C44647400A75793 /* Release */,
			);
			defaultConfigurationIsVisible = 0;
			defaultConfigurationName = Release;
		};
		32F546441C44647400A75793 /* Build configuration list for PBXNativeTarget "WordPlayTests" */ = {
			isa = XCConfigurationList;
			buildConfigurations = (
				32F546451C44647400A75793 /* Debug */,
				32F546461C44647400A75793 /* Release */,
			);
			defaultConfigurationIsVisible = 0;
			defaultConfigurationName = Release;
		};
/* End XCConfigurationList section */
	};
	rootObject = 32F546161C44647400A75793 /* Project object */;
}
